
Microsoft Visual Studio Solution File, Format Version 12.00
# Visual Studio 15
VisualStudioVersion = 15.0.27004.2010
MinimumVisualStudioVersion = 10.0.40219.1
Project("{9092AA53-FB77-4645-B42D-1CCCA6BD08BD}") = "app", "app\app.njsproj", "{B4336CEC-6AF3-4A66-AD30-570546A88C38}"
	ProjectSection(ProjectDependencies) = postProject
		{562A7019-C3CB-4E35-95D4-B69BDCF3DCC9} = {562A7019-C3CB-4E35-95D4-B69BDCF3DCC9}
	EndProjectSection
EndProject
Project("{9092AA53-FB77-4645-B42D-1CCCA6BD08BD}") = "server", "server\server.njsproj", "{830EB6BA-072D-4DE0-9BC9-9AAFF90438B9}"
EndProject
Project("{9092AA53-FB77-4645-B42D-1CCCA6BD08BD}") = "game-engine", "game-engine\game-engine.njsproj", "{562A7019-C3CB-4E35-95D4-B69BDCF3DCC9}"
EndProject
Global
	GlobalSection(SolutionConfigurationPlatforms) = preSolution
		Debug|Any CPU = Debug|Any CPU
		Release|Any CPU = Release|Any CPU
	EndGlobalSection
	GlobalSection(ProjectConfigurationPlatforms) = postSolution
		{B4336CEC-6AF3-4A66-AD30-570546A88C38}.Debug|Any CPU.ActiveCfg = Debug|Any CPU
		{B4336CEC-6AF3-4A66-AD30-570546A88C38}.Debug|Any CPU.Build.0 = Debug|Any CPU
		{B4336CEC-6AF3-4A66-AD30-570546A88C38}.Release|Any CPU.ActiveCfg = Release|Any CPU
		{B4336CEC-6AF3-4A66-AD30-570546A88C38}.Release|Any CPU.Build.0 = Release|Any CPU
		{830EB6BA-072D-4DE0-9BC9-9AAFF90438B9}.Debug|Any CPU.ActiveCfg = Debug|Any CPU
		{830EB6BA-072D-4DE0-9BC9-9AAFF90438B9}.Debug|Any CPU.Build.0 = Debug|Any CPU
		{830EB6BA-072D-4DE0-9BC9-9AAFF90438B9}.Release|Any CPU.ActiveCfg = Release|Any CPU
		{830EB6BA-072D-4DE0-9BC9-9AAFF90438B9}.Release|Any CPU.Build.0 = Release|Any CPU
		{562A7019-C3CB-4E35-95D4-B69BDCF3DCC9}.Debug|Any CPU.ActiveCfg = Debug|Any CPU
		{562A7019-C3CB-4E35-95D4-B69BDCF3DCC9}.Debug|Any CPU.Build.0 = Debug|Any CPU
		{562A7019-C3CB-4E35-95D4-B69BDCF3DCC9}.Release|Any CPU.ActiveCfg = Release|Any CPU
		{562A7019-C3CB-4E35-95D4-B69BDCF3DCC9}.Release|Any CPU.Build.0 = Release|Any CPU
	EndGlobalSection
	GlobalSection(SolutionProperties) = preSolution
		HideSolutionNode = FALSE
	EndGlobalSection
	GlobalSection(ExtensibilityGlobals) = postSolution
		SolutionGuid = {058FCB60-F2E5-4FA7-9FB3-C33950ED9C98}
	EndGlobalSection
EndGlobal
